
Microsoft Visual Studio Solution File, Format Version 12.00
# Visual Studio Version 17
VisualStudioVersion = 17.9.34723.18
MinimumVisualStudioVersion = 10.0.40219.1
Project("{FAE04EC0-301F-11D3-BF4B-00C04F79EFBC}") = "EPLogic", "EPLogic\EPLogic.csproj", "{350A06C6-47F5-42A2-B67D-D970D5EE5769}"
EndProject
Project("{FAE04EC0-301F-11D3-BF4B-00C04F79EFBC}") = "EPConsole", "EPConsole\EPConsole.csproj", "{23CA7D12-B5B9-4B93-9316-98766AB5A7FC}"
EndProject
Global
	GlobalSection(SolutionConfigurationPlatforms) = preSolution
		Debug|Any CPU = Debug|Any CPU
		Release|Any CPU = Release|Any CPU
	EndGlobalSection
	GlobalSection(ProjectConfigurationPlatforms) = postSolution
		{350A06C6-47F5-42A2-B67D-D970D5EE5769}.Debug|Any CPU.ActiveCfg = Debug|Any CPU
		{350A06C6-47F5-42A2-B67D-D970D5EE5769}.Debug|Any CPU.Build.0 = Debug|Any CPU
		{350A06C6-47F5-42A2-B67D-D970D5EE5769}.Release|Any CPU.ActiveCfg = Release|Any CPU
		{350A06C6-47F5-42A2-B67D-D970D5EE5769}.Release|Any CPU.Build.0 = Release|Any CPU
		{23CA7D12-B5B9-4B93-9316-98766AB5A7FC}.Debug|Any CPU.ActiveCfg = Debug|Any CPU
		{23CA7D12-B5B9-4B93-9316-98766AB5A7FC}.Debug|Any CPU.Build.0 = Debug|Any CPU
		{23CA7D12-B5B9-4B93-9316-98766AB5A7FC}.Release|Any CPU.ActiveCfg = Release|Any CPU
		{23CA7D12-B5B9-4B93-9316-98766AB5A7FC}.Release|Any CPU.Build.0 = Release|Any CPU
	EndGlobalSection
	GlobalSection(SolutionProperties) = preSolution
		HideSolutionNode = FALSE
	EndGlobalSection
	GlobalSection(ExtensibilityGlobals) = postSolution
		SolutionGuid = {7032A073-E700-4D84-AD6C-C5ACAF418233}
	EndGlobalSection
EndGlobal
